
Microsoft Visual Studio Solution File, Format Version 12.00
# Visual Studio Version 17
VisualStudioVersion = 17.7.34024.191
MinimumVisualStudioVersion = 10.0.40219.1
Project("{9A19103F-16F7-4668-BE54-9A1E7A4F7556}") = "blogpessoal", "blogpessoal.csproj", "{99B503E7-9D5B-4515-A499-7731E33F780E}"
EndProject
Project("{9A19103F-16F7-4668-BE54-9A1E7A4F7556}") = "BlogPessoalTest", "..\BlogPessoalTest\BlogPessoalTest.csproj", "{4FF69014-34E1-4773-881D-0E2B33A873A5}"
EndProject
Global
	GlobalSection(SolutionConfigurationPlatforms) = preSolution
		Debug|Any CPU = Debug|Any CPU
		Release|Any CPU = Release|Any CPU
	EndGlobalSection
	GlobalSection(ProjectConfigurationPlatforms) = postSolution
		{99B503E7-9D5B-4515-A499-7731E33F780E}.Debug|Any CPU.ActiveCfg = Debug|Any CPU
		{99B503E7-9D5B-4515-A499-7731E33F780E}.Debug|Any CPU.Build.0 = Debug|Any CPU
		{99B503E7-9D5B-4515-A499-7731E33F780E}.Release|Any CPU.ActiveCfg = Release|Any CPU
		{99B503E7-9D5B-4515-A499-7731E33F780E}.Release|Any CPU.Build.0 = Release|Any CPU
		{4FF69014-34E1-4773-881D-0E2B33A873A5}.Debug|Any CPU.ActiveCfg = Debug|Any CPU
		{4FF69014-34E1-4773-881D-0E2B33A873A5}.Debug|Any CPU.Build.0 = Debug|Any CPU
		{4FF69014-34E1-4773-881D-0E2B33A873A5}.Release|Any CPU.ActiveCfg = Release|Any CPU
		{4FF69014-34E1-4773-881D-0E2B33A873A5}.Release|Any CPU.Build.0 = Release|Any CPU
	EndGlobalSection
	GlobalSection(SolutionProperties) = preSolution
		HideSolutionNode = FALSE
	EndGlobalSection
	GlobalSection(ExtensibilityGlobals) = postSolution
		SolutionGuid = {162C69C2-BB8C-4207-BE19-2B7C48715650}
	EndGlobalSection
EndGlobal
